
Microsoft Visual Studio Solution File, Format Version 12.00
# Visual Studio Version 16
VisualStudioVersion = 25.0.1706.6
MinimumVisualStudioVersion = 10.0.40219.1
Project("{FAE04EC0-301F-11D3-BF4B-00C04F79EFBC}") = "Assembly-CSharp", "Assembly-CSharp.csproj", "{854AC938-B3B4-0130-184B-90635E0A4FDB}"
EndProject
Global
	GlobalSection(SolutionConfigurationPlatforms) = preSolution
		Debug|Any CPU = Debug|Any CPU
		Release|Any CPU = Release|Any CPU
	EndGlobalSection
	GlobalSection(ProjectConfigurationPlatforms) = postSolution
		{854AC938-B3B4-0130-184B-90635E0A4FDB}.Debug|Any CPU.ActiveCfg = Debug|Any CPU
		{854AC938-B3B4-0130-184B-90635E0A4FDB}.Debug|Any CPU.Build.0 = Debug|Any CPU
		{854AC938-B3B4-0130-184B-90635E0A4FDB}.Release|Any CPU.ActiveCfg = Release|Any CPU
		{854AC938-B3B4-0130-184B-90635E0A4FDB}.Release|Any CPU.Build.0 = Release|Any CPU
	EndGlobalSection
	GlobalSection(SolutionProperties) = preSolution
		HideSolutionNode = FALSE
	EndGlobalSection
	GlobalSection(ExtensibilityGlobals) = postSolution
		SolutionGuid = {8D053498-A70D-491D-9FA4-B048B03E5E9E}
	EndGlobalSection
EndGlobal
